// !$*UTF8*$!
{
	archiveVersion = 1;
	classes = {
	};
	objectVersion = 50;
	objects = {

/* Begin PBXBuildFile section */
		183EB63725C16BE30027BCDA /* AppDelegate.swift in Sources */ = {isa = PBXBuildFile; fileRef = 183EB63625C16BE30027BCDA /* AppDelegate.swift */; };
		183EB63925C16BE30027BCDA /* SceneDelegate.swift in Sources */ = {isa = PBXBuildFile; fileRef = 183EB63825C16BE30027BCDA /* SceneDelegate.swift */; };
		183EB63B25C16BE30027BCDA /* ViewController.swift in Sources */ = {isa = PBXBuildFile; fileRef = 183EB63A25C16BE30027BCDA /* ViewController.swift */; };
		183EB63E25C16BE30027BCDA /* Main.storyboard in Resources */ = {isa = PBXBuildFile; fileRef = 183EB63C25C16BE30027BCDA /* Main.storyboard */; };
		183EB64125C16BE30027BCDA /* News.xcdatamodeld in Sources */ = {isa = PBXBuildFile; fileRef = 183EB63F25C16BE30027BCDA /* News.xcdatamodeld */; };
		183EB64325C16C040027BCDA /* Assets.xcassets in Resources */ = {isa = PBXBuildFile; fileRef = 183EB64225C16C040027BCDA /* Assets.xcassets */; };
		183EB64625C16C040027BCDA /* LaunchScreen.storyboard in Resources */ = {isa = PBXBuildFile; fileRef = 183EB64425C16C040027BCDA /* LaunchScreen.storyboard */; };
		183EB65125C16C050027BCDA /* NewsTests.swift in Sources */ = {isa = PBXBuildFile; fileRef = 183EB65025C16C050027BCDA /* NewsTests.swift */; };
		183EB65C25C16C050027BCDA /* NewsUITests.swift in Sources */ = {isa = PBXBuildFile; fileRef = 183EB65B25C16C050027BCDA /* NewsUITests.swift */; };
/* End PBXBuildFile section */

/* Begin PBXContainerItemProxy section */
		183EB64D25C16C050027BCDA /* PBXContainerItemProxy */ = {
			isa = PBXContainerItemProxy;
			containerPortal = 183EB62B25C16BE30027BCDA /* Project object */;
			proxyType = 1;
			remoteGlobalIDString = 183EB63225C16BE30027BCDA;
			remoteInfo = News;
		};
		183EB65825C16C050027BCDA /* PBXContainerItemProxy */ = {
			isa = PBXContainerItemProxy;
			containerPortal = 183EB62B25C16BE30027BCDA /* Project object */;
			proxyType = 1;
			remoteGlobalIDString = 183EB63225C16BE30027BCDA;
			remoteInfo = News;
		};
/* End PBXContainerItemProxy section */

/* Begin PBXFileReference section */
		183EB63325C16BE30027BCDA /* News.app */ = {isa = PBXFileReference; explicitFileType = wrapper.application; includeInIndex = 0; path = News.app; sourceTree = BUILT_PRODUCTS_DIR; };
		183EB63625C16BE30027BCDA /* AppDelegate.swift */ = {isa = PBXFileReference; lastKnownFileType = sourcecode.swift; path = AppDelegate.swift; sourceTree = "<group>"; };
		183EB63825C16BE30027BCDA /* SceneDelegate.swift */ = {isa = PBXFileReference; lastKnownFileType = sourcecode.swift; path = SceneDelegate.swift; sourceTree = "<group>"; };
		183EB63A25C16BE30027BCDA /* ViewController.swift */ = {isa = PBXFileReference; lastKnownFileType = sourcecode.swift; path = ViewController.swift; sourceTree = "<group>"; };
		183EB63D25C16BE30027BCDA /* Base */ = {isa = PBXFileReference; lastKnownFileType = file.storyboard; name = Base; path = Base.lproj/Main.storyboard; sourceTree = "<group>"; };
		183EB64025C16BE30027BCDA /* News.xcdatamodel */ = {isa = PBXFileReference; lastKnownFileType = wrapper.xcdatamodel; path = News.xcdatamodel; sourceTree = "<group>"; };
		183EB64225C16C040027BCDA /* Assets.xcassets */ = {isa = PBXFileReference; lastKnownFileType = folder.assetcatalog; path = Assets.xcassets; sourceTree = "<group>"; };
		183EB64525C16C040027BCDA /* Base */ = {isa = PBXFileReference; lastKnownFileType = file.storyboard; name = Base; path = Base.lproj/LaunchScreen.storyboard; sourceTree = "<group>"; };
		183EB64725C16C040027BCDA /* Info.plist */ = {isa = PBXFileReference; lastKnownFileType = text.plist.xml; path = Info.plist; sourceTree = "<group>"; };
		183EB64C25C16C050027BCDA /* NewsTests.xctest */ = {isa = PBXFileReference; explicitFileType = wrapper.cfbundle; includeInIndex = 0; path = NewsTests.xctest; sourceTree = BUILT_PRODUCTS_DIR; };
		183EB65025C16C050027BCDA /* NewsTests.swift */ = {isa = PBXFileReference; lastKnownFileType = sourcecode.swift; path = NewsTests.swift; sourceTree = "<group>"; };
		183EB65225C16C050027BCDA /* Info.plist */ = {isa = PBXFileReference; lastKnownFileType = text.plist.xml; path = Info.plist; sourceTree = "<group>"; };
		183EB65725C16C050027BCDA /* NewsUITests.xctest */ = {isa = PBXFileReference; explicitFileType = wrapper.cfbundle; includeInIndex = 0; path = NewsUITests.xctest; sourceTree = BUILT_PRODUCTS_DIR; };
		183EB65B25C16C050027BCDA /* NewsUITests.swift */ = {isa = PBXFileReference; lastKnownFileType = sourcecode.swift; path = NewsUITests.swift; sourceTree = "<group>"; };
		183EB65D25C16C050027BCDA /* Info.plist */ = {isa = PBXFileReference; lastKnownFileType = text.plist.xml; path = Info.plist; sourceTree = "<group>"; };
/* End PBXFileReference section */

/* Begin PBXFrameworksBuildPhase section */
		183EB63025C16BE30027BCDA /* Frameworks */ = {
			isa = PBXFrameworksBuildPhase;
			buildActionMask = 2147483647;
			files = (
			);
			runOnlyForDeploymentPostprocessing = 0;
		};
		183EB64925C16C050027BCDA /* Frameworks */ = {
			isa = PBXFrameworksBuildPhase;
			buildActionMask = 2147483647;
			files = (
			);
			runOnlyForDeploymentPostprocessing = 0;
		};
		183EB65425C16C050027BCDA /* Frameworks */ = {
			isa = PBXFrameworksBuildPhase;
			buildActionMask = 2147483647;
			files = (
			);
			runOnlyForDeploymentPostprocessing = 0;
		};
/* End PBXFrameworksBuildPhase section */

/* Begin PBXGroup section */
		183EB62A25C16BE30027BCDA = {
			isa = PBXGroup;
			children = (
				183EB63525C16BE30027BCDA /* News */,
				183EB64F25C16C050027BCDA /* NewsTests */,
				183EB65A25C16C050027BCDA /* NewsUITests */,
				183EB63425C16BE30027BCDA /* Products */,
			);
			sourceTree = "<group>";
		};
		183EB63425C16BE30027BCDA /* Products */ = {
			isa = PBXGroup;
			children = (
				183EB63325C16BE30027BCDA /* News.app */,
				183EB64C25C16C050027BCDA /* NewsTests.xctest */,
				183EB65725C16C050027BCDA /* NewsUITests.xctest */,
			);
			name = Products;
			sourceTree = "<group>";
		};
		183EB63525C16BE30027BCDA /* News */ = {
			isa = PBXGroup;
			children = (
				183EB63625C16BE30027BCDA /* AppDelegate.swift */,
				183EB63825C16BE30027BCDA /* SceneDelegate.swift */,
				183EB63A25C16BE30027BCDA /* ViewController.swift */,
				183EB63C25C16BE30027BCDA /* Main.storyboard */,
				183EB64225C16C040027BCDA /* Assets.xcassets */,
				183EB64425C16C040027BCDA /* LaunchScreen.storyboard */,
				183EB64725C16C040027BCDA /* Info.plist */,
				183EB63F25C16BE30027BCDA /* News.xcdatamodeld */,
			);
			path = News;
			sourceTree = "<group>";
		};
		183EB64F25C16C050027BCDA /* NewsTests */ = {
			isa = PBXGroup;
			children = (
				183EB65025C16C050027BCDA /* NewsTests.swift */,
				183EB65225C16C050027BCDA /* Info.plist */,
			);
			path = NewsTests;
			sourceTree = "<group>";
		};
		183EB65A25C16C050027BCDA /* NewsUITests */ = {
			isa = PBXGroup;
			children = (
				183EB65B25C16C050027BCDA /* NewsUITests.swift */,
				183EB65D25C16C050027BCDA /* Info.plist */,
			);
			path = NewsUITests;
			sourceTree = "<group>";
		};
/* End PBXGroup section */

/* Begin PBXNativeTarget section */
		183EB63225C16BE30027BCDA /* News */ = {
			isa = PBXNativeTarget;
			buildConfigurationList = 183EB66025C16C050027BCDA /* Build configuration list for PBXNativeTarget "News" */;
			buildPhases = (
				183EB62F25C16BE30027BCDA /* Sources */,
				183EB63025C16BE30027BCDA /* Frameworks */,
				183EB63125C16BE30027BCDA /* Resources */,
			);
			buildRules = (
			);
			dependencies = (
			);
			name = News;
			productName = News;
			productReference = 183EB63325C16BE30027BCDA /* News.app */;
			productType = "com.apple.product-type.application";
		};
		183EB64B25C16C050027BCDA /* NewsTests */ = {
			isa = PBXNativeTarget;
			buildConfigurationList = 183EB66325C16C050027BCDA /* Build configuration list for PBXNativeTarget "NewsTests" */;
			buildPhases = (
				183EB64825C16C050027BCDA /* Sources */,
				183EB64925C16C050027BCDA /* Frameworks */,
				183EB64A25C16C050027BCDA /* Resources */,
			);
			buildRules = (
			);
			dependencies = (
				183EB64E25C16C050027BCDA /* PBXTargetDependency */,
			);
			name = NewsTests;
			productName = NewsTests;
			productReference = 183EB64C25C16C050027BCDA /* NewsTests.xctest */;
			productType = "com.apple.product-type.bundle.unit-test";
		};
		183EB65625C16C050027BCDA /* NewsUITests */ = {
			isa = PBXNativeTarget;
			buildConfigurationList = 183EB66625C16C050027BCDA /* Build configuration list for PBXNativeTarget "NewsUITests" */;
			buildPhases = (
				183EB65325C16C050027BCDA /* Sources */,
				183EB65425C16C050027BCDA /* Frameworks */,
				183EB65525C16C050027BCDA /* Resources */,
			);
			buildRules = (
			);
			dependencies = (
				183EB65925C16C050027BCDA /* PBXTargetDependency */,
			);
			name = NewsUITests;
			productName = NewsUITests;
			productReference = 183EB65725C16C050027BCDA /* NewsUITests.xctest */;
			productType = "com.apple.product-type.bundle.ui-testing";
		};
/* End PBXNativeTarget section */

/* Begin PBXProject section */
		183EB62B25C16BE30027BCDA /* Project object */ = {
			isa = PBXProject;
			attributes = {
				LastSwiftUpdateCheck = 1230;
				LastUpgradeCheck = 1230;
				TargetAttributes = {
					183EB63225C16BE30027BCDA = {
						CreatedOnToolsVersion = 12.3;
					};
					183EB64B25C16C050027BCDA = {
						CreatedOnToolsVersion = 12.3;
						TestTargetID = 183EB63225C16BE30027BCDA;
					};
					183EB65625C16C050027BCDA = {
						CreatedOnToolsVersion = 12.3;
						TestTargetID = 183EB63225C16BE30027BCDA;
					};
				};
			};
			buildConfigurationList = 183EB62E25C16BE30027BCDA /* Build configuration list for PBXProject "News" */;
			compatibilityVersion = "Xcode 9.3";
			developmentRegion = en;
			hasScannedForEncodings = 0;
			knownRegions = (
				en,
				Base,
			);
			mainGroup = 183EB62A25C16BE30027BCDA;
			productRefGroup = 183EB63425C16BE30027BCDA /* Products */;
			projectDirPath = "";
			projectRoot = "";
			targets = (
				183EB63225C16BE30027BCDA /* News */,
				183EB64B25C16C050027BCDA /* NewsTests */,
				183EB65625C16C050027BCDA /* NewsUITests */,
			);
		};
/* End PBXProject section */

/* Begin PBXResourcesBuildPhase section */
		183EB63125C16BE30027BCDA /* Resources */ = {
			isa = PBXResourcesBuildPhase;
			buildActionMask = 2147483647;
			files = (
				183EB64625C16C040027BCDA /* LaunchScreen.storyboard in Resources */,
				183EB64325C16C040027BCDA /* Assets.xcassets in Resources */,
				183EB63E25C16BE30027BCDA /* Main.storyboard in Resources */,
			);
			runOnlyForDeploymentPostprocessing = 0;
		};
		183EB64A25C16C050027BCDA /* Resources */ = {
			isa = PBXResourcesBuildPhase;
			buildActionMask = 2147483647;
			files = (
			);
			runOnlyForDeploymentPostprocessing = 0;
		};
		183EB65525C16C050027BCDA /* Resources */ = {
			isa = PBXResourcesBuildPhase;
			buildActionMask = 2147483647;
			files = (
			);
			runOnlyForDeploymentPostprocessing = 0;
		};
/* End PBXResourcesBuildPhase section */

/* Begin PBXSourcesBuildPhase section */
		183EB62F25C16BE30027BCDA /* Sources */ = {
			isa = PBXSourcesBuildPhase;
			buildActionMask = 2147483647;
			files = (
				183EB63B25C16BE30027BCDA /* ViewController.swift in Sources */,
				183EB63725C16BE30027BCDA /* AppDelegate.swift in Sources */,
				183EB64125C16BE30027BCDA /* News.xcdatamodeld in Sources */,
				183EB63925C16BE30027BCDA /* SceneDelegate.swift in Sources */,
			);
			runOnlyForDeploymentPostprocessing = 0;
		};
		183EB64825C16C050027BCDA /* Sources */ = {
			isa = PBXSourcesBuildPhase;
			buildActionMask = 2147483647;
			files = (
				183EB65125C16C050027BCDA /* NewsTests.swift in Sources */,
			);
			runOnlyForDeploymentPostprocessing = 0;
		};
		183EB65325C16C050027BCDA /* Sources */ = {
			isa = PBXSourcesBuildPhase;
			buildActionMask = 2147483647;
			files = (
				183EB65C25C16C050027BCDA /* NewsUITests.swift in Sources */,
			);
			runOnlyForDeploymentPostprocessing = 0;
		};
/* End PBXSourcesBuildPhase section */

/* Begin PBXTargetDependency section */
		183EB64E25C16C050027BCDA /* PBXTargetDependency */ = {
			isa = PBXTargetDependency;
			target = 183EB63225C16BE30027BCDA /* News */;
			targetProxy = 183EB64D25C16C050027BCDA /* PBXContainerItemProxy */;
		};
		183EB65925C16C050027BCDA /* PBXTargetDependency */ = {
			isa = PBXTargetDependency;
			target = 183EB63225C16BE30027BCDA /* News */;
			targetProxy = 183EB65825C16C050027BCDA /* PBXContainerItemProxy */;
		};
/* End PBXTargetDependency section */

/* Begin PBXVariantGroup section */
		183EB63C25C16BE30027BCDA /* Main.storyboard */ = {
			isa = PBXVariantGroup;
			children = (
				183EB63D25C16BE30027BCDA /* Base */,
			);
			name = Main.storyboard;
			sourceTree = "<group>";
		};
		183EB64425C16C040027BCDA /* LaunchScreen.storyboard */ = {
			isa = PBXVariantGroup;
			children = (
				183EB64525C16C040027BCDA /* Base */,
			);
			name = LaunchScreen.storyboard;
			sourceTree = "<group>";
		};
/* End PBXVariantGroup section */

/* Begin XCBuildConfiguration section */
		183EB65E25C16C050027BCDA /* Debug */ = {
			isa = XCBuildConfiguration;
			buildSettings = {
				ALWAYS_SEARCH_USER_PATHS = NO;
				CLANG_ANALYZER_NONNULL = YES;
				CLANG_ANALYZER_NUMBER_OBJECT_CONVERSION = YES_AGGRESSIVE;
				CLANG_CXX_LANGUAGE_STANDARD = "gnu++14";
				CLANG_CXX_LIBRARY = "libc++";
				CLANG_ENABLE_MODULES = YES;
				CLANG_ENABLE_OBJC_ARC = YES;
				CLANG_ENABLE_OBJC_WEAK = YES;
				CLANG_WARN_BLOCK_CAPTURE_AUTORELEASING = YES;
				CLANG_WARN_BOOL_CONVERSION = YES;
				CLANG_WARN_COMMA = YES;
				CLANG_WARN_CONSTANT_CONVERSION = YES;
				CLANG_WARN_DEPRECATED_OBJC_IMPLEMENTATIONS = YES;
				CLANG_WARN_DIRECT_OBJC_ISA_USAGE = YES_ERROR;
				CLANG_WARN_DOCUMENTATION_COMMENTS = YES;
				CLANG_WARN_EMPTY_BODY = YES;
				CLANG_WARN_ENUM_CONVERSION = YES;
				CLANG_WARN_INFINITE_RECURSION = YES;
				CLANG_WARN_INT_CONVERSION = YES;
				CLANG_WARN_NON_LITERAL_NULL_CONVERSION = YES;
				CLANG_WARN_OBJC_IMPLICIT_RETAIN_SELF = YES;
				CLANG_WARN_OBJC_LITERAL_CONVERSION = YES;
				CLANG_WARN_OBJC_ROOT_CLASS = YES_ERROR;
				CLANG_WARN_QUOTED_INCLUDE_IN_FRAMEWORK_HEADER = YES;
				CLANG_WARN_RANGE_LOOP_ANALYSIS = YES;
				CLANG_WARN_STRICT_PROTOTYPES = YES;
				CLANG_WARN_SUSPICIOUS_MOVE = YES;
				CLANG_WARN_UNGUARDED_AVAILABILITY = YES_AGGRESSIVE;
				CLANG_WARN_UNREACHABLE_CODE = YES;
				CLANG_WARN__DUPLICATE_METHOD_MATCH = YES;
				COPY_PHASE_STRIP = NO;
				DEBUG_INFORMATION_FORMAT = dwarf;
				ENABLE_STRICT_OBJC_MSGSEND = YES;
				ENABLE_TESTABILITY = YES;
				GCC_C_LANGUAGE_STANDARD = gnu11;
				GCC_DYNAMIC_NO_PIC = NO;
				GCC_NO_COMMON_BLOCKS = YES;
				GCC_OPTIMIZATION_LEVEL = 0;
				GCC_PREPROCESSOR_DEFINITIONS = (
					"DEBUG=1",
					"$(inherited)",
				);
				GCC_WARN_64_TO_32_BIT_CONVERSION = YES;
				GCC_WARN_ABOUT_RETURN_TYPE = YES_ERROR;
				GCC_WARN_UNDECLARED_SELECTOR = YES;
				GCC_WARN_UNINITIALIZED_AUTOS = YES_AGGRESSIVE;
				GCC_WARN_UNUSED_FUNCTION = YES;
				GCC_WARN_UNUSED_VARIABLE = YES;
				IPHONEOS_DEPLOYMENT_TARGET = 14.3;
				MTL_ENABLE_DEBUG_INFO = INCLUDE_SOURCE;
				MTL_FAST_MATH = YES;
				ONLY_ACTIVE_ARCH = YES;
				SDKROOT = iphoneos;
				SWIFT_ACTIVE_COMPILATION_CONDITIONS = DEBUG;
				SWIFT_OPTIMIZATION_LEVEL = "-Onone";
			};
			name = Debug;
		};
		183EB65F25C16C050027BCDA /* Release */ = {
			isa = XCBuildConfiguration;
			buildSettings = {
				ALWAYS_SEARCH_USER_PATHS = NO;
				CLANG_ANALYZER_NONNULL = YES;
				CLANG_ANALYZER_NUMBER_OBJECT_CONVERSION = YES_AGGRESSIVE;
				CLANG_CXX_LANGUAGE_STANDARD = "gnu++14";
				CLANG_CXX_LIBRARY = "libc++";
				CLANG_ENABLE_MODULES = YES;
				CLANG_ENABLE_OBJC_ARC = YES;
				CLANG_ENABLE_OBJC_WEAK = YES;
				CLANG_WARN_BLOCK_CAPTURE_AUTORELEASING = YES;
				CLANG_WARN_BOOL_CONVERSION = YES;
				CLANG_WARN_COMMA = YES;
				CLANG_WARN_CONSTANT_CONVERSION = YES;
				CLANG_WARN_DEPRECATED_OBJC_IMPLEMENTATIONS = YES;
				CLANG_WARN_DIRECT_OBJC_ISA_USAGE = YES_ERROR;
				CLANG_WARN_DOCUMENTATION_COMMENTS = YES;
				CLANG_WARN_EMPTY_BODY = YES;
				CLANG_WARN_ENUM_CONVERSION = YES;
				CLANG_WARN_INFINITE_RECURSION = YES;
				CLANG_WARN_INT_CONVERSION = YES;
				CLANG_WARN_NON_LITERAL_NULL_CONVERSION = YES;
				CLANG_WARN_OBJC_IMPLICIT_RETAIN_SELF = YES;
				CLANG_WARN_OBJC_LITERAL_CONVERSION = YES;
				CLANG_WARN_OBJC_ROOT_CLASS = YES_ERROR;
				CLANG_WARN_QUOTED_INCLUDE_IN_FRAMEWORK_HEADER = YES;
				CLANG_WARN_RANGE_LOOP_ANALYSIS = YES;
				CLANG_WARN_STRICT_PROTOTYPES = YES;
				CLANG_WARN_SUSPICIOUS_MOVE = YES;
				CLANG_WARN_UNGUARDED_AVAILABILITY = YES_AGGRESSIVE;
				CLANG_WARN_UNREACHABLE_CODE = YES;
				CLANG_WARN__DUPLICATE_METHOD_MATCH = YES;
				COPY_PHASE_STRIP = NO;
				DEBUG_INFORMATION_FORMAT = "dwarf-with-dsym";
				ENABLE_NS_ASSERTIONS = NO;
				ENABLE_STRICT_OBJC_MSGSEND = YES;
				GCC_C_LANGUAGE_STANDARD = gnu11;
				GCC_NO_COMMON_BLOCKS = YES;
				GCC_WARN_64_TO_32_BIT_CONVERSION = YES;
				GCC_WARN_ABOUT_RETURN_TYPE = YES_ERROR;
				GCC_WARN_UNDECLARED_SELECTOR = YES;
				GCC_WARN_UNINITIALIZED_AUTOS = YES_AGGRESSIVE;
				GCC_WARN_UNUSED_FUNCTION = YES;
				GCC_WARN_UNUSED_VARIABLE = YES;
				IPHONEOS_DEPLOYMENT_TARGET = 14.3;
				MTL_ENABLE_DEBUG_INFO = NO;
				MTL_FAST_MATH = YES;
				SDKROOT = iphoneos;
				SWIFT_COMPILATION_MODE = wholemodule;
				SWIFT_OPTIMIZATION_LEVEL = "-O";
				VALIDATE_PRODUCT = YES;
			};
			name = Release;
		};
		183EB66125C16C050027BCDA /* Debug */ = {
			isa = XCBuildConfiguration;
			buildSettings = {
				ASSETCATALOG_COMPILER_APPICON_NAME = AppIcon;
				ASSETCATALOG_COMPILER_GLOBAL_ACCENT_COLOR_NAME = AccentColor;
				CODE_SIGN_STYLE = Automatic;
				INFOPLIST_FILE = News/Info.plist;
				LD_RUNPATH_SEARCH_PATHS = (
					"$(inherited)",
					"@executable_path/Frameworks",
				);
				PRODUCT_BUNDLE_IDENTIFIER = com.Sample.ios.News;
				PRODUCT_NAME = "$(TARGET_NAME)";
				SWIFT_VERSION = 5.0;
				TARGETED_DEVICE_FAMILY = "1,2";
			};
			name = Debug;
		};
		183EB66225C16C050027BCDA /* Release */ = {
			isa = XCBuildConfiguration;
			buildSettings = {
				ASSETCATALOG_COMPILER_APPICON_NAME = AppIcon;
				ASSETCATALOG_COMPILER_GLOBAL_ACCENT_COLOR_NAME = AccentColor;
				CODE_SIGN_STYLE = Automatic;
				INFOPLIST_FILE = News/Info.plist;
				LD_RUNPATH_SEARCH_PATHS = (
					"$(inherited)",
					"@executable_path/Frameworks",
				);
				PRODUCT_BUNDLE_IDENTIFIER = com.Sample.ios.News;
				PRODUCT_NAME = "$(TARGET_NAME)";
				SWIFT_VERSION = 5.0;
				TARGETED_DEVICE_FAMILY = "1,2";
			};
			name = Release;
		};
		183EB66425C16C050027BCDA /* Debug */ = {
			isa = XCBuildConfiguration;
			buildSettings = {
				ALWAYS_EMBED_SWIFT_STANDARD_LIBRARIES = YES;
				BUNDLE_LOADER = "$(TEST_HOST)";
				CODE_SIGN_STYLE = Automatic;
				INFOPLIST_FILE = NewsTests/Info.plist;
				IPHONEOS_DEPLOYMENT_TARGET = 14.3;
				LD_RUNPATH_SEARCH_PATHS = (
					"$(inherited)",
					"@executable_path/Frameworks",
					"@loader_path/Frameworks",
				);
				PRODUCT_BUNDLE_IDENTIFIER = com.Sample.ios.NewsTests;
				PRODUCT_NAME = "$(TARGET_NAME)";
				SWIFT_VERSION = 5.0;
				TARGETED_DEVICE_FAMILY = "1,2";
				TEST_HOST = "$(BUILT_PRODUCTS_DIR)/News.app/News";
			};
			name = Debug;
		};
		183EB66525C16C050027BCDA /* Release */ = {
			isa = XCBuildConfiguration;
			buildSettings = {
				ALWAYS_EMBED_SWIFT_STANDARD_LIBRARIES = YES;
				BUNDLE_LOADER = "$(TEST_HOST)";
				CODE_SIGN_STYLE = Automatic;
				INFOPLIST_FILE = NewsTests/Info.plist;
				IPHONEOS_DEPLOYMENT_TARGET = 14.3;
				LD_RUNPATH_SEARCH_PATHS = (
					"$(inherited)",
					"@executable_path/Frameworks",
					"@loader_path/Frameworks",
				);
				PRODUCT_BUNDLE_IDENTIFIER = com.Sample.ios.NewsTests;
				PRODUCT_NAME = "$(TARGET_NAME)";
				SWIFT_VERSION = 5.0;
				TARGETED_DEVICE_FAMILY = "1,2";
				TEST_HOST = "$(BUILT_PRODUCTS_DIR)/News.app/News";
			};
			name = Release;
		};
		183EB66725C16C050027BCDA /* Debug */ = {
			isa = XCBuildConfiguration;
			buildSettings = {
				ALWAYS_EMBED_SWIFT_STANDARD_LIBRARIES = YES;
				CODE_SIGN_STYLE = Automatic;
				INFOPLIST_FILE = NewsUITests/Info.plist;
				LD_RUNPATH_SEARCH_PATHS = (
					"$(inherited)",
					"@executable_path/Frameworks",
					"@loader_path/Frameworks",
				);
				PRODUCT_BUNDLE_IDENTIFIER = com.Sample.ios.NewsUITests;
				PRODUCT_NAME = "$(TARGET_NAME)";
				SWIFT_VERSION = 5.0;
				TARGETED_DEVICE_FAMILY = "1,2";
				TEST_TARGET_NAME = News;
			};
			name = Debug;
		};
		183EB66825C16C050027BCDA /* Release */ = {
			isa = XCBuildConfiguration;
			buildSettings = {
				ALWAYS_EMBED_SWIFT_STANDARD_LIBRARIES = YES;
				CODE_SIGN_STYLE = Automatic;
				INFOPLIST_FILE = NewsUITests/Info.plist;
				LD_RUNPATH_SEARCH_PATHS = (
					"$(inherited)",
					"@executable_path/Frameworks",
					"@loader_path/Frameworks",
				);
				PRODUCT_BUNDLE_IDENTIFIER = com.Sample.ios.NewsUITests;
				PRODUCT_NAME = "$(TARGET_NAME)";
				SWIFT_VERSION = 5.0;
				TARGETED_DEVICE_FAMILY = "1,2";
				TEST_TARGET_NAME = News;
			};
			name = Release;
		};
/* End XCBuildConfiguration section */

/* Begin XCConfigurationList section */
		183EB62E25C16BE30027BCDA /* Build configuration list for PBXProject "News" */ = {
			isa = XCConfigurationList;
			buildConfigurations = (
				183EB65E25C16C050027BCDA /* Debug */,
				183EB65F25C16C050027BCDA /* Release */,
			);
			defaultConfigurationIsVisible = 0;
			defaultConfigurationName = Release;
		};
		183EB66025C16C050027BCDA /* Build configuration list for PBXNativeTarget "News" */ = {
			isa = XCConfigurationList;
			buildConfigurations = (
				183EB66125C16C050027BCDA /* Debug */,
				183EB66225C16C050027BCDA /* Release */,
			);
			defaultConfigurationIsVisible = 0;
			defaultConfigurationName = Release;
		};
		183EB66325C16C050027BCDA /* Build configuration list for PBXNativeTarget "NewsTests" */ = {
			isa = XCConfigurationList;
			buildConfigurations = (
				183EB66425C16C050027BCDA /* Debug */,
				183EB66525C16C050027BCDA /* Release */,
			);
			defaultConfigurationIsVisible = 0;
			defaultConfigurationName = Release;
		};
		183EB66625C16C050027BCDA /* Build configuration list for PBXNativeTarget "NewsUITests" */ = {
			isa = XCConfigurationList;
			buildConfigurations = (
				183EB66725C16C050027BCDA /* Debug */,
				183EB66825C16C050027BCDA /* Release */,
			);
			defaultConfigurationIsVisible = 0;
			defaultConfigurationName = Release;
		};
/* End XCConfigurationList section */

/* Begin XCVersionGroup section */
		183EB63F25C16BE30027BCDA /* News.xcdatamodeld */ = {
			isa = XCVersionGroup;
			children = (
				183EB64025C16BE30027BCDA /* News.xcdatamodel */,
			);
			currentVersion = 183EB64025C16BE30027BCDA /* News.xcdatamodel */;
			path = News.xcdatamodeld;
			sourceTree = "<group>";
			versionGroupType = wrapper.xcdatamodel;
		};
/* End XCVersionGroup section */
	};
	rootObject = 183EB62B25C16BE30027BCDA /* Project object */;
}
